
Microsoft Visual Studio Solution File, Format Version 12.00
# Visual Studio Version 16
VisualStudioVersion = 16.0.31019.35
MinimumVisualStudioVersion = 10.0.40219.1
Project("{FAE04EC0-301F-11D3-BF4B-00C04F79EFBC}") = "Dotnetcore-Gitflow-Test", "Dotnetcore-Gitflow-Test\Dotnetcore-Gitflow-Test.csproj", "{77B0273F-FE39-4867-83C6-942060C3FA8A}"
EndProject
Global
	GlobalSection(SolutionConfigurationPlatforms) = preSolution
		Debug|Any CPU = Debug|Any CPU
		Release|Any CPU = Release|Any CPU
	EndGlobalSection
	GlobalSection(ProjectConfigurationPlatforms) = postSolution
		{77B0273F-FE39-4867-83C6-942060C3FA8A}.Debug|Any CPU.ActiveCfg = Debug|Any CPU
		{77B0273F-FE39-4867-83C6-942060C3FA8A}.Debug|Any CPU.Build.0 = Debug|Any CPU
		{77B0273F-FE39-4867-83C6-942060C3FA8A}.Release|Any CPU.ActiveCfg = Release|Any CPU
		{77B0273F-FE39-4867-83C6-942060C3FA8A}.Release|Any CPU.Build.0 = Release|Any CPU
	EndGlobalSection
	GlobalSection(SolutionProperties) = preSolution
		HideSolutionNode = FALSE
	EndGlobalSection
	GlobalSection(ExtensibilityGlobals) = postSolution
		SolutionGuid = {E845E88B-1509-4555-8F52-FF1CB92C5587}
	EndGlobalSection
EndGlobal
